// !$*UTF8*$!
{
	archiveVersion = 1;
	classes = {
	};
	objectVersion = 56;
	objects = {

/* Begin PBXBuildFile section */
		1AB168442BB1936300794F73 /* PureLifeYogiApp.swift in Sources */ = {isa = PBXBuildFile; fileRef = 1AB168432BB1936300794F73 /* PureLifeYogiApp.swift */; };
		1AB168462BB1936300794F73 /* ContentView.swift in Sources */ = {isa = PBXBuildFile; fileRef = 1AB168452BB1936300794F73 /* ContentView.swift */; };
		1AB1684A2BB1936500794F73 /* Assets.xcassets in Resources */ = {isa = PBXBuildFile; fileRef = 1AB168492BB1936500794F73 /* Assets.xcassets */; };
		1AB1684D2BB1936500794F73 /* Preview Assets.xcassets in Resources */ = {isa = PBXBuildFile; fileRef = 1AB1684C2BB1936500794F73 /* Preview Assets.xcassets */; };
		1AB168572BB1966900794F73 /* ProductList.swift in Sources */ = {isa = PBXBuildFile; fileRef = 1AB168562BB1966900794F73 /* ProductList.swift */; };
		1AB1685A2BB199D300794F73 /* ProductCard.swift in Sources */ = {isa = PBXBuildFile; fileRef = 1AB168592BB199D300794F73 /* ProductCard.swift */; };
		1AB1685D2BB1A9F400794F73 /* CartButton.swift in Sources */ = {isa = PBXBuildFile; fileRef = 1AB1685C2BB1A9F400794F73 /* CartButton.swift */; };
		1AB1685F2BB1AD4200794F73 /* CartView.swift in Sources */ = {isa = PBXBuildFile; fileRef = 1AB1685E2BB1AD4200794F73 /* CartView.swift */; };
		1AB168612BB1AF7E00794F73 /* CartManager.swift in Sources */ = {isa = PBXBuildFile; fileRef = 1AB168602BB1AF7E00794F73 /* CartManager.swift */; };
		1AB168632BB1BC4400794F73 /* ProductRow.swift in Sources */ = {isa = PBXBuildFile; fileRef = 1AB168622BB1BC4400794F73 /* ProductRow.swift */; };
		1AB168652BB1D6CD00794F73 /* PaymentButton.swift in Sources */ = {isa = PBXBuildFile; fileRef = 1AB168642BB1D6CD00794F73 /* PaymentButton.swift */; };
		1AB168672BB1E0C500794F73 /* Item.swift in Sources */ = {isa = PBXBuildFile; fileRef = 1AB168662BB1E0C500794F73 /* Item.swift */; };
		1AB1686A2BB22BD900794F73 /* PaymentHandler.swift in Sources */ = {isa = PBXBuildFile; fileRef = 1AB168692BB22BD900794F73 /* PaymentHandler.swift */; };
/* End PBXBuildFile section */

/* Begin PBXFileReference section */
		1AB168402BB1936300794F73 /* PureLifeYogi.app */ = {isa = PBXFileReference; explicitFileType = wrapper.application; includeInIndex = 0; path = PureLifeYogi.app; sourceTree = BUILT_PRODUCTS_DIR; };
		1AB168432BB1936300794F73 /* PureLifeYogiApp.swift */ = {isa = PBXFileReference; lastKnownFileType = sourcecode.swift; path = PureLifeYogiApp.swift; sourceTree = "<group>"; };
		1AB168452BB1936300794F73 /* ContentView.swift */ = {isa = PBXFileReference; lastKnownFileType = sourcecode.swift; path = ContentView.swift; sourceTree = "<group>"; };
		1AB168492BB1936500794F73 /* Assets.xcassets */ = {isa = PBXFileReference; lastKnownFileType = folder.assetcatalog; path = Assets.xcassets; sourceTree = "<group>"; };
		1AB1684C2BB1936500794F73 /* Preview Assets.xcassets */ = {isa = PBXFileReference; lastKnownFileType = folder.assetcatalog; path = "Preview Assets.xcassets"; sourceTree = "<group>"; };
		1AB168562BB1966900794F73 /* ProductList.swift */ = {isa = PBXFileReference; lastKnownFileType = sourcecode.swift; path = ProductList.swift; sourceTree = "<group>"; };
		1AB168592BB199D300794F73 /* ProductCard.swift */ = {isa = PBXFileReference; lastKnownFileType = sourcecode.swift; path = ProductCard.swift; sourceTree = "<group>"; };
		1AB1685C2BB1A9F400794F73 /* CartButton.swift */ = {isa = PBXFileReference; lastKnownFileType = sourcecode.swift; path = CartButton.swift; sourceTree = "<group>"; };
		1AB1685E2BB1AD4200794F73 /* CartView.swift */ = {isa = PBXFileReference; lastKnownFileType = sourcecode.swift; path = CartView.swift; sourceTree = "<group>"; };
		1AB168602BB1AF7E00794F73 /* CartManager.swift */ = {isa = PBXFileReference; lastKnownFileType = sourcecode.swift; path = CartManager.swift; sourceTree = "<group>"; };
		1AB168622BB1BC4400794F73 /* ProductRow.swift */ = {isa = PBXFileReference; lastKnownFileType = sourcecode.swift; path = ProductRow.swift; sourceTree = "<group>"; };
		1AB168642BB1D6CD00794F73 /* PaymentButton.swift */ = {isa = PBXFileReference; lastKnownFileType = sourcecode.swift; path = PaymentButton.swift; sourceTree = "<group>"; };
		1AB168662BB1E0C500794F73 /* Item.swift */ = {isa = PBXFileReference; lastKnownFileType = sourcecode.swift; path = Item.swift; sourceTree = "<group>"; };
		1AB168682BB22B4E00794F73 /* PureLifeYogi.entitlements */ = {isa = PBXFileReference; lastKnownFileType = text.plist.entitlements; path = PureLifeYogi.entitlements; sourceTree = "<group>"; };
		1AB168692BB22BD900794F73 /* PaymentHandler.swift */ = {isa = PBXFileReference; lastKnownFileType = sourcecode.swift; path = PaymentHandler.swift; sourceTree = "<group>"; };
/* End PBXFileReference section */

/* Begin PBXFrameworksBuildPhase section */
		1AB1683D2BB1936300794F73 /* Frameworks */ = {
			isa = PBXFrameworksBuildPhase;
			buildActionMask = 2147483647;
			files = (
			);
			runOnlyForDeploymentPostprocessing = 0;
		};
/* End PBXFrameworksBuildPhase section */

/* Begin PBXGroup section */
		1AB168372BB1936300794F73 = {
			isa = PBXGroup;
			children = (
				1AB168422BB1936300794F73 /* PureLifeYogi */,
				1AB168412BB1936300794F73 /* Products */,
			);
			sourceTree = "<group>";
		};
		1AB168412BB1936300794F73 /* Products */ = {
			isa = PBXGroup;
			children = (
				1AB168402BB1936300794F73 /* PureLifeYogi.app */,
			);
			name = Products;
			sourceTree = "<group>";
		};
		1AB168422BB1936300794F73 /* PureLifeYogi */ = {
			isa = PBXGroup;
			children = (
				1AB168682BB22B4E00794F73 /* PureLifeYogi.entitlements */,
				1AB168432BB1936300794F73 /* PureLifeYogiApp.swift */,
				1AB168662BB1E0C500794F73 /* Item.swift */,
				1AB1685B2BB1A10500794F73 /* Views */,
				1AB168582BB199A300794F73 /* Components */,
				1AB168532BB195A200794F73 /* Models */,
				1AB168492BB1936500794F73 /* Assets.xcassets */,
				1AB1684B2BB1936500794F73 /* Preview Content */,
				1AB168602BB1AF7E00794F73 /* CartManager.swift */,
				1AB168692BB22BD900794F73 /* PaymentHandler.swift */,
			);
			path = PureLifeYogi;
			sourceTree = "<group>";
		};
		1AB1684B2BB1936500794F73 /* Preview Content */ = {
			isa = PBXGroup;
			children = (
				1AB1684C2BB1936500794F73 /* Preview Assets.xcassets */,
			);
			path = "Preview Content";
			sourceTree = "<group>";
		};
		1AB168532BB195A200794F73 /* Models */ = {
			isa = PBXGroup;
			children = (
				1AB168562BB1966900794F73 /* ProductList.swift */,
			);
			path = Models;
			sourceTree = "<group>";
		};
		1AB168582BB199A300794F73 /* Components */ = {
			isa = PBXGroup;
			children = (
				1AB168592BB199D300794F73 /* ProductCard.swift */,
				1AB1685C2BB1A9F400794F73 /* CartButton.swift */,
				1AB168622BB1BC4400794F73 /* ProductRow.swift */,
				1AB168642BB1D6CD00794F73 /* PaymentButton.swift */,
			);
			path = Components;
			sourceTree = "<group>";
		};
		1AB1685B2BB1A10500794F73 /* Views */ = {
			isa = PBXGroup;
			children = (
				1AB168452BB1936300794F73 /* ContentView.swift */,
				1AB1685E2BB1AD4200794F73 /* CartView.swift */,
			);
			path = Views;
			sourceTree = "<group>";
		};
/* End PBXGroup section */

/* Begin PBXNativeTarget section */
		1AB1683F2BB1936300794F73 /* PureLifeYogi */ = {
			isa = PBXNativeTarget;
			buildConfigurationList = 1AB168502BB1936500794F73 /* Build configuration list for PBXNativeTarget "PureLifeYogi" */;
			buildPhases = (
				1AB1683C2BB1936300794F73 /* Sources */,
				1AB1683D2BB1936300794F73 /* Frameworks */,
				1AB1683E2BB1936300794F73 /* Resources */,
			);
			buildRules = (
			);
			dependencies = (
			);
			name = PureLifeYogi;
			productName = PureLifeYogi;
			productReference = 1AB168402BB1936300794F73 /* PureLifeYogi.app */;
			productType = "com.apple.product-type.application";
		};
/* End PBXNativeTarget section */

/* Begin PBXProject section */
		1AB168382BB1936300794F73 /* Project object */ = {
			isa = PBXProject;
			attributes = {
				BuildIndependentTargetsInParallel = 1;
				LastSwiftUpdateCheck = 1520;
				LastUpgradeCheck = 1520;
				TargetAttributes = {
					1AB1683F2BB1936300794F73 = {
						CreatedOnToolsVersion = 15.2;
					};
				};
			};
			buildConfigurationList = 1AB1683B2BB1936300794F73 /* Build configuration list for PBXProject "PureLifeYogi" */;
			compatibilityVersion = "Xcode 14.0";
			developmentRegion = en;
			hasScannedForEncodings = 0;
			knownRegions = (
				en,
				Base,
			);
			mainGroup = 1AB168372BB1936300794F73;
			productRefGroup = 1AB168412BB1936300794F73 /* Products */;
			projectDirPath = "";
			projectRoot = "";
			targets = (
				1AB1683F2BB1936300794F73 /* PureLifeYogi */,
			);
		};
/* End PBXProject section */

/* Begin PBXResourcesBuildPhase section */
		1AB1683E2BB1936300794F73 /* Resources */ = {
			isa = PBXResourcesBuildPhase;
			buildActionMask = 2147483647;
			files = (
				1AB1684D2BB1936500794F73 /* Preview Assets.xcassets in Resources */,
				1AB1684A2BB1936500794F73 /* Assets.xcassets in Resources */,
			);
			runOnlyForDeploymentPostprocessing = 0;
		};
/* End PBXResourcesBuildPhase section */

/* Begin PBXSourcesBuildPhase section */
		1AB1683C2BB1936300794F73 /* Sources */ = {
			isa = PBXSourcesBuildPhase;
			buildActionMask = 2147483647;
			files = (
				1AB168672BB1E0C500794F73 /* Item.swift in Sources */,
				1AB168632BB1BC4400794F73 /* ProductRow.swift in Sources */,
				1AB168462BB1936300794F73 /* ContentView.swift in Sources */,
				1AB168612BB1AF7E00794F73 /* CartManager.swift in Sources */,
				1AB1685F2BB1AD4200794F73 /* CartView.swift in Sources */,
				1AB1686A2BB22BD900794F73 /* PaymentHandler.swift in Sources */,
				1AB168652BB1D6CD00794F73 /* PaymentButton.swift in Sources */,
				1AB168572BB1966900794F73 /* ProductList.swift in Sources */,
				1AB1685A2BB199D300794F73 /* ProductCard.swift in Sources */,
				1AB168442BB1936300794F73 /* PureLifeYogiApp.swift in Sources */,
				1AB1685D2BB1A9F400794F73 /* CartButton.swift in Sources */,
			);
			runOnlyForDeploymentPostprocessing = 0;
		};
/* End PBXSourcesBuildPhase section */

/* Begin XCBuildConfiguration section */
		1AB1684E2BB1936500794F73 /* Debug */ = {
			isa = XCBuildConfiguration;
			buildSettings = {
				ALWAYS_SEARCH_USER_PATHS = NO;
				ASSETCATALOG_COMPILER_GENERATE_SWIFT_ASSET_SYMBOL_EXTENSIONS = YES;
				CLANG_ANALYZER_NONNULL = YES;
				CLANG_ANALYZER_NUMBER_OBJECT_CONVERSION = YES_AGGRESSIVE;
				CLANG_CXX_LANGUAGE_STANDARD = "gnu++20";
				CLANG_ENABLE_MODULES = YES;
				CLANG_ENABLE_OBJC_ARC = YES;
				CLANG_ENABLE_OBJC_WEAK = YES;
				CLANG_WARN_BLOCK_CAPTURE_AUTORELEASING = YES;
				CLANG_WARN_BOOL_CONVERSION = YES;
				CLANG_WARN_COMMA = YES;
				CLANG_WARN_CONSTANT_CONVERSION = YES;
				CLANG_WARN_DEPRECATED_OBJC_IMPLEMENTATIONS = YES;
				CLANG_WARN_DIRECT_OBJC_ISA_USAGE = YES_ERROR;
				CLANG_WARN_DOCUMENTATION_COMMENTS = YES;
				CLANG_WARN_EMPTY_BODY = YES;
				CLANG_WARN_ENUM_CONVERSION = YES;
				CLANG_WARN_INFINITE_RECURSION = YES;
				CLANG_WARN_INT_CONVERSION = YES;
				CLANG_WARN_NON_LITERAL_NULL_CONVERSION = YES;
				CLANG_WARN_OBJC_IMPLICIT_RETAIN_SELF = YES;
				CLANG_WARN_OBJC_LITERAL_CONVERSION = YES;
				CLANG_WARN_OBJC_ROOT_CLASS = YES_ERROR;
				CLANG_WARN_QUOTED_INCLUDE_IN_FRAMEWORK_HEADER = YES;
				CLANG_WARN_RANGE_LOOP_ANALYSIS = YES;
				CLANG_WARN_STRICT_PROTOTYPES = YES;
				CLANG_WARN_SUSPICIOUS_MOVE = YES;
				CLANG_WARN_UNGUARDED_AVAILABILITY = YES_AGGRESSIVE;
				CLANG_WARN_UNREACHABLE_CODE = YES;
				CLANG_WARN__DUPLICATE_METHOD_MATCH = YES;
				COPY_PHASE_STRIP = NO;
				DEBUG_INFORMATION_FORMAT = dwarf;
				ENABLE_STRICT_OBJC_MSGSEND = YES;
				ENABLE_TESTABILITY = YES;
				ENABLE_USER_SCRIPT_SANDBOXING = YES;
				GCC_C_LANGUAGE_STANDARD = gnu17;
				GCC_DYNAMIC_NO_PIC = NO;
				GCC_NO_COMMON_BLOCKS = YES;
				GCC_OPTIMIZATION_LEVEL = 0;
				GCC_PREPROCESSOR_DEFINITIONS = (
					"DEBUG=1",
					"$(inherited)",
				);
				GCC_WARN_64_TO_32_BIT_CONVERSION = YES;
				GCC_WARN_ABOUT_RETURN_TYPE = YES_ERROR;
				GCC_WARN_UNDECLARED_SELECTOR = YES;
				GCC_WARN_UNINITIALIZED_AUTOS = YES_AGGRESSIVE;
				GCC_WARN_UNUSED_FUNCTION = YES;
				GCC_WARN_UNUSED_VARIABLE = YES;
				IPHONEOS_DEPLOYMENT_TARGET = 17.2;
				LOCALIZATION_PREFERS_STRING_CATALOGS = YES;
				MTL_ENABLE_DEBUG_INFO = INCLUDE_SOURCE;
				MTL_FAST_MATH = YES;
				ONLY_ACTIVE_ARCH = YES;
				SDKROOT = iphoneos;
				SWIFT_ACTIVE_COMPILATION_CONDITIONS = "DEBUG $(inherited)";
				SWIFT_OPTIMIZATION_LEVEL = "-Onone";
			};
			name = Debug;
		};
		1AB1684F2BB1936500794F73 /* Release */ = {
			isa = XCBuildConfiguration;
			buildSettings = {
				ALWAYS_SEARCH_USER_PATHS = NO;
				ASSETCATALOG_COMPILER_GENERATE_SWIFT_ASSET_SYMBOL_EXTENSIONS = YES;
				CLANG_ANALYZER_NONNULL = YES;
				CLANG_ANALYZER_NUMBER_OBJECT_CONVERSION = YES_AGGRESSIVE;
				CLANG_CXX_LANGUAGE_STANDARD = "gnu++20";
				CLANG_ENABLE_MODULES = YES;
				CLANG_ENABLE_OBJC_ARC = YES;
				CLANG_ENABLE_OBJC_WEAK = YES;
				CLANG_WARN_BLOCK_CAPTURE_AUTORELEASING = YES;
				CLANG_WARN_BOOL_CONVERSION = YES;
				CLANG_WARN_COMMA = YES;
				CLANG_WARN_CONSTANT_CONVERSION = YES;
				CLANG_WARN_DEPRECATED_OBJC_IMPLEMENTATIONS = YES;
				CLANG_WARN_DIRECT_OBJC_ISA_USAGE = YES_ERROR;
				CLANG_WARN_DOCUMENTATION_COMMENTS = YES;
				CLANG_WARN_EMPTY_BODY = YES;
				CLANG_WARN_ENUM_CONVERSION = YES;
				CLANG_WARN_INFINITE_RECURSION = YES;
				CLANG_WARN_INT_CONVERSION = YES;
				CLANG_WARN_NON_LITERAL_NULL_CONVERSION = YES;
				CLANG_WARN_OBJC_IMPLICIT_RETAIN_SELF = YES;
				CLANG_WARN_OBJC_LITERAL_CONVERSION = YES;
				CLANG_WARN_OBJC_ROOT_CLASS = YES_ERROR;
				CLANG_WARN_QUOTED_INCLUDE_IN_FRAMEWORK_HEADER = YES;
				CLANG_WARN_RANGE_LOOP_ANALYSIS = YES;
				CLANG_WARN_STRICT_PROTOTYPES = YES;
				CLANG_WARN_SUSPICIOUS_MOVE = YES;
				CLANG_WARN_UNGUARDED_AVAILABILITY = YES_AGGRESSIVE;
				CLANG_WARN_UNREACHABLE_CODE = YES;
				CLANG_WARN__DUPLICATE_METHOD_MATCH = YES;
				COPY_PHASE_STRIP = NO;
				DEBUG_INFORMATION_FORMAT = "dwarf-with-dsym";
				ENABLE_NS_ASSERTIONS = NO;
				ENABLE_STRICT_OBJC_MSGSEND = YES;
				ENABLE_USER_SCRIPT_SANDBOXING = YES;
				GCC_C_LANGUAGE_STANDARD = gnu17;
				GCC_NO_COMMON_BLOCKS = YES;
				GCC_WARN_64_TO_32_BIT_CONVERSION = YES;
				GCC_WARN_ABOUT_RETURN_TYPE = YES_ERROR;
				GCC_WARN_UNDECLARED_SELECTOR = YES;
				GCC_WARN_UNINITIALIZED_AUTOS = YES_AGGRESSIVE;
				GCC_WARN_UNUSED_FUNCTION = YES;
				GCC_WARN_UNUSED_VARIABLE = YES;
				IPHONEOS_DEPLOYMENT_TARGET = 17.2;
				LOCALIZATION_PREFERS_STRING_CATALOGS = YES;
				MTL_ENABLE_DEBUG_INFO = NO;
				MTL_FAST_MATH = YES;
				SDKROOT = iphoneos;
				SWIFT_COMPILATION_MODE = wholemodule;
				VALIDATE_PRODUCT = YES;
			};
			name = Release;
		};
		1AB168512BB1936500794F73 /* Debug */ = {
			isa = XCBuildConfiguration;
			buildSettings = {
				ASSETCATALOG_COMPILER_APPICON_NAME = AppIcon;
				ASSETCATALOG_COMPILER_GLOBAL_ACCENT_COLOR_NAME = AccentColor;
				CODE_SIGN_ENTITLEMENTS = PureLifeYogi/PureLifeYogi.entitlements;
				CODE_SIGN_STYLE = Automatic;
				CURRENT_PROJECT_VERSION = 1;
				DEVELOPMENT_ASSET_PATHS = "\"PureLifeYogi/Preview Content\"";
				DEVELOPMENT_TEAM = PTK6F4X8CR;
				ENABLE_PREVIEWS = YES;
				GENERATE_INFOPLIST_FILE = YES;
				INFOPLIST_KEY_CFBundleDisplayName = "Pure Life Yogi";
				INFOPLIST_KEY_LSApplicationCategoryType = "public.app-category.shopping";
				INFOPLIST_KEY_UIApplicationSceneManifest_Generation = YES;
				INFOPLIST_KEY_UIApplicationSupportsIndirectInputEvents = YES;
				INFOPLIST_KEY_UILaunchScreen_Generation = YES;
				INFOPLIST_KEY_UISupportedInterfaceOrientations_iPad = "UIInterfaceOrientationPortrait UIInterfaceOrientationPortraitUpsideDown UIInterfaceOrientationLandscapeLeft UIInterfaceOrientationLandscapeRight";
				INFOPLIST_KEY_UISupportedInterfaceOrientations_iPhone = "UIInterfaceOrientationPortrait UIInterfaceOrientationLandscapeLeft UIInterfaceOrientationLandscapeRight";
				LD_RUNPATH_SEARCH_PATHS = (
					"$(inherited)",
					"@executable_path/Frameworks",
				);
				MARKETING_VERSION = 1.0;
				PRODUCT_BUNDLE_IDENTIFIER = VividVentures.PureLifeYogi;
				PRODUCT_NAME = "$(TARGET_NAME)";
				SWIFT_EMIT_LOC_STRINGS = YES;
				SWIFT_VERSION = 5.0;
				TARGETED_DEVICE_FAMILY = "1,2";
			};
			name = Debug;
		};
		1AB168522BB1936500794F73 /* Release */ = {
			isa = XCBuildConfiguration;
			buildSettings = {
				ASSETCATALOG_COMPILER_APPICON_NAME = AppIcon;
				ASSETCATALOG_COMPILER_GLOBAL_ACCENT_COLOR_NAME = AccentColor;
				CODE_SIGN_ENTITLEMENTS = PureLifeYogi/PureLifeYogi.entitlements;
				CODE_SIGN_STYLE = Automatic;
				CURRENT_PROJECT_VERSION = 1;
				DEVELOPMENT_ASSET_PATHS = "\"PureLifeYogi/Preview Content\"";
				DEVELOPMENT_TEAM = PTK6F4X8CR;
				ENABLE_PREVIEWS = YES;
				GENERATE_INFOPLIST_FILE = YES;
				INFOPLIST_KEY_CFBundleDisplayName = "Pure Life Yogi";
				INFOPLIST_KEY_LSApplicationCategoryType = "public.app-category.shopping";
				INFOPLIST_KEY_UIApplicationSceneManifest_Generation = YES;
				INFOPLIST_KEY_UIApplicationSupportsIndirectInputEvents = YES;
				INFOPLIST_KEY_UILaunchScreen_Generation = YES;
				INFOPLIST_KEY_UISupportedInterfaceOrientations_iPad = "UIInterfaceOrientationPortrait UIInterfaceOrientationPortraitUpsideDown UIInterfaceOrientationLandscapeLeft UIInterfaceOrientationLandscapeRight";
				INFOPLIST_KEY_UISupportedInterfaceOrientations_iPhone = "UIInterfaceOrientationPortrait UIInterfaceOrientationLandscapeLeft UIInterfaceOrientationLandscapeRight";
				LD_RUNPATH_SEARCH_PATHS = (
					"$(inherited)",
					"@executable_path/Frameworks",
				);
				MARKETING_VERSION = 1.0;
				PRODUCT_BUNDLE_IDENTIFIER = VividVentures.PureLifeYogi;
				PRODUCT_NAME = "$(TARGET_NAME)";
				SWIFT_EMIT_LOC_STRINGS = YES;
				SWIFT_VERSION = 5.0;
				TARGETED_DEVICE_FAMILY = "1,2";
			};
			name = Release;
		};
/* End XCBuildConfiguration section */

/* Begin XCConfigurationList section */
		1AB1683B2BB1936300794F73 /* Build configuration list for PBXProject "PureLifeYogi" */ = {
			isa = XCConfigurationList;
			buildConfigurations = (
				1AB1684E2BB1936500794F73 /* Debug */,
				1AB1684F2BB1936500794F73 /* Release */,
			);
			defaultConfigurationIsVisible = 0;
			defaultConfigurationName = Release;
		};
		1AB168502BB1936500794F73 /* Build configuration list for PBXNativeTarget "PureLifeYogi" */ = {
			isa = XCConfigurationList;
			buildConfigurations = (
				1AB168512BB1936500794F73 /* Debug */,
				1AB168522BB1936500794F73 /* Release */,
			);
			defaultConfigurationIsVisible = 0;
			defaultConfigurationName = Release;
		};
/* End XCConfigurationList section */
	};
	rootObject = 1AB168382BB1936300794F73 /* Project object */;
}
